
Microsoft Visual Studio Solution File, Format Version 12.00
Project("{FAE04EC0-301F-11D3-BF4B-00C04F79EFBC}") = "SpecFlowLSP", "SpecFlowLSP\SpecFlowLSP.csproj", "{6E41F9BE-FAE9-4919-8022-795A8B0D7E80}"
EndProject
Global
	GlobalSection(SolutionConfigurationPlatforms) = preSolution
		Debug|Any CPU = Debug|Any CPU
		Release|Any CPU = Release|Any CPU
	EndGlobalSection
	GlobalSection(ProjectConfigurationPlatforms) = postSolution
		{6E41F9BE-FAE9-4919-8022-795A8B0D7E80}.Debug|Any CPU.ActiveCfg = Debug|Any CPU
		{6E41F9BE-FAE9-4919-8022-795A8B0D7E80}.Debug|Any CPU.Build.0 = Debug|Any CPU
		{6E41F9BE-FAE9-4919-8022-795A8B0D7E80}.Release|Any CPU.ActiveCfg = Release|Any CPU
		{6E41F9BE-FAE9-4919-8022-795A8B0D7E80}.Release|Any CPU.Build.0 = Release|Any CPU
	EndGlobalSection
EndGlobal
